
Microsoft Visual Studio Solution File, Format Version 12.00
# Visual Studio Version 16
VisualStudioVersion = 16.0.31019.35
MinimumVisualStudioVersion = 10.0.40219.1
Project("{FAE04EC0-301F-11D3-BF4B-00C04F79EFBC}") = "Epam.Task_2.2.1.GAME", "Epam.Task_2.2.1.GAME\Epam.Task_2.2.1.GAME.csproj", "{A2949EB6-31E4-4AC2-8390-8AA628EC56B9}"
EndProject
Global
	GlobalSection(SolutionConfigurationPlatforms) = preSolution
		Debug|Any CPU = Debug|Any CPU
		Release|Any CPU = Release|Any CPU
	EndGlobalSection
	GlobalSection(ProjectConfigurationPlatforms) = postSolution
		{A2949EB6-31E4-4AC2-8390-8AA628EC56B9}.Debug|Any CPU.ActiveCfg = Debug|Any CPU
		{A2949EB6-31E4-4AC2-8390-8AA628EC56B9}.Debug|Any CPU.Build.0 = Debug|Any CPU
		{A2949EB6-31E4-4AC2-8390-8AA628EC56B9}.Release|Any CPU.ActiveCfg = Release|Any CPU
		{A2949EB6-31E4-4AC2-8390-8AA628EC56B9}.Release|Any CPU.Build.0 = Release|Any CPU
	EndGlobalSection
	GlobalSection(SolutionProperties) = preSolution
		HideSolutionNode = FALSE
	EndGlobalSection
	GlobalSection(ExtensibilityGlobals) = postSolution
		SolutionGuid = {047A33F7-CE8F-429D-B5A6-458F4342233F}
	EndGlobalSection
EndGlobal
